
Microsoft Visual Studio Solution File, Format Version 12.00
# Visual Studio Version 17
VisualStudioVersion = 17.4.33122.133
MinimumVisualStudioVersion = 10.0.40219.1
Project("{FAE04EC0-301F-11D3-BF4B-00C04F79EFBC}") = "ExcelFileDownload", "ExcelFileDownload\ExcelFileDownload.csproj", "{F6730F0C-C24B-4657-9134-0F3BA0553C4A}"
EndProject
Global
	GlobalSection(SolutionConfigurationPlatforms) = preSolution
		Debug|Any CPU = Debug|Any CPU
		Release|Any CPU = Release|Any CPU
	EndGlobalSection
	GlobalSection(ProjectConfigurationPlatforms) = postSolution
		{F6730F0C-C24B-4657-9134-0F3BA0553C4A}.Debug|Any CPU.ActiveCfg = Debug|Any CPU
		{F6730F0C-C24B-4657-9134-0F3BA0553C4A}.Debug|Any CPU.Build.0 = Debug|Any CPU
		{F6730F0C-C24B-4657-9134-0F3BA0553C4A}.Release|Any CPU.ActiveCfg = Release|Any CPU
		{F6730F0C-C24B-4657-9134-0F3BA0553C4A}.Release|Any CPU.Build.0 = Release|Any CPU
	EndGlobalSection
	GlobalSection(SolutionProperties) = preSolution
		HideSolutionNode = FALSE
	EndGlobalSection
	GlobalSection(ExtensibilityGlobals) = postSolution
		SolutionGuid = {329C6192-E653-476A-B4BE-6F56F47B02B8}
	EndGlobalSection
EndGlobal
